
Microsoft Visual Studio Solution File, Format Version 12.00
# Visual Studio Version 17
VisualStudioVersion = 17.11.35222.181
MinimumVisualStudioVersion = 10.0.40219.1
Project("{8BC9CEB8-8B4A-11D0-8D11-00A0C91BC942}") = "Assigment 3 uli", "Assigment 3 uli\Assigment 3 uli.vcxproj", "{10865EE2-9916-46D3-92C7-0516174FE7FC}"
EndProject
Project("{8BC9CEB8-8B4A-11D0-8D11-00A0C91BC942}") = "UnitTest1", "UnitTest1\UnitTest1.vcxproj", "{CA22C40B-BCE0-4487-93BE-9B0B09A1D8A8}"
EndProject
Global
	GlobalSection(SolutionConfigurationPlatforms) = preSolution
		Debug|x64 = Debug|x64
		Debug|x86 = Debug|x86
		Release|x64 = Release|x64
		Release|x86 = Release|x86
	EndGlobalSection
	GlobalSection(ProjectConfigurationPlatforms) = postSolution
		{10865EE2-9916-46D3-92C7-0516174FE7FC}.Debug|x64.ActiveCfg = Debug|x64
		{10865EE2-9916-46D3-92C7-0516174FE7FC}.Debug|x64.Build.0 = Debug|x64
		{10865EE2-9916-46D3-92C7-0516174FE7FC}.Debug|x86.ActiveCfg = Debug|Win32
		{10865EE2-9916-46D3-92C7-0516174FE7FC}.Debug|x86.Build.0 = Debug|Win32
		{10865EE2-9916-46D3-92C7-0516174FE7FC}.Release|x64.ActiveCfg = Release|x64
		{10865EE2-9916-46D3-92C7-0516174FE7FC}.Release|x64.Build.0 = Release|x64
		{10865EE2-9916-46D3-92C7-0516174FE7FC}.Release|x86.ActiveCfg = Release|Win32
		{10865EE2-9916-46D3-92C7-0516174FE7FC}.Release|x86.Build.0 = Release|Win32
		{CA22C40B-BCE0-4487-93BE-9B0B09A1D8A8}.Debug|x64.ActiveCfg = Debug|x64
		{CA22C40B-BCE0-4487-93BE-9B0B09A1D8A8}.Debug|x64.Build.0 = Debug|x64
		{CA22C40B-BCE0-4487-93BE-9B0B09A1D8A8}.Debug|x86.ActiveCfg = Debug|Win32
		{CA22C40B-BCE0-4487-93BE-9B0B09A1D8A8}.Debug|x86.Build.0 = Debug|Win32
		{CA22C40B-BCE0-4487-93BE-9B0B09A1D8A8}.Release|x64.ActiveCfg = Release|x64
		{CA22C40B-BCE0-4487-93BE-9B0B09A1D8A8}.Release|x64.Build.0 = Release|x64
		{CA22C40B-BCE0-4487-93BE-9B0B09A1D8A8}.Release|x86.ActiveCfg = Release|Win32
		{CA22C40B-BCE0-4487-93BE-9B0B09A1D8A8}.Release|x86.Build.0 = Release|Win32
	EndGlobalSection
	GlobalSection(SolutionProperties) = preSolution
		HideSolutionNode = FALSE
	EndGlobalSection
	GlobalSection(ExtensibilityGlobals) = postSolution
		SolutionGuid = {6C50A950-08B4-458D-A3C9-BB912F8386E8}
	EndGlobalSection
EndGlobal
